
Microsoft Visual Studio Solution File, Format Version 12.00
# Visual Studio 14
VisualStudioVersion = 14.0.25420.1
MinimumVisualStudioVersion = 10.0.40219.1
Project("{8BC9CEB8-8B4A-11D0-8D11-00A0C91BC942}") = "RebaseExt", "RebaseExt\RebaseExt.vcxproj", "{16E74031-0837-41AE-A0AE-EBBD8415A973}"
EndProject
Project("{8BC9CEB8-8B4A-11D0-8D11-00A0C91BC942}") = "RebaseExt.Tests", "RebaseExt.Tests\RebaseExt.Tests.vcxproj", "{9532F064-5C52-45BC-B5F3-127701693DAC}"
EndProject
Global
	GlobalSection(SolutionConfigurationPlatforms) = preSolution
		Debug|x64 = Debug|x64
		Debug|x86 = Debug|x86
		Release|x64 = Release|x64
		Release|x86 = Release|x86
	EndGlobalSection
	GlobalSection(ProjectConfigurationPlatforms) = postSolution
		{16E74031-0837-41AE-A0AE-EBBD8415A973}.Debug|x64.ActiveCfg = Debug|x64
		{16E74031-0837-41AE-A0AE-EBBD8415A973}.Debug|x64.Build.0 = Debug|x64
		{16E74031-0837-41AE-A0AE-EBBD8415A973}.Debug|x86.ActiveCfg = Debug|Win32
		{16E74031-0837-41AE-A0AE-EBBD8415A973}.Debug|x86.Build.0 = Debug|Win32
		{16E74031-0837-41AE-A0AE-EBBD8415A973}.Release|x64.ActiveCfg = Release|x64
		{16E74031-0837-41AE-A0AE-EBBD8415A973}.Release|x64.Build.0 = Release|x64
		{16E74031-0837-41AE-A0AE-EBBD8415A973}.Release|x86.ActiveCfg = Release|Win32
		{16E74031-0837-41AE-A0AE-EBBD8415A973}.Release|x86.Build.0 = Release|Win32
		{9532F064-5C52-45BC-B5F3-127701693DAC}.Debug|x64.ActiveCfg = Debug|x64
		{9532F064-5C52-45BC-B5F3-127701693DAC}.Debug|x64.Build.0 = Debug|x64
		{9532F064-5C52-45BC-B5F3-127701693DAC}.Debug|x86.ActiveCfg = Debug|Win32
		{9532F064-5C52-45BC-B5F3-127701693DAC}.Debug|x86.Build.0 = Debug|Win32
		{9532F064-5C52-45BC-B5F3-127701693DAC}.Release|x64.ActiveCfg = Release|x64
		{9532F064-5C52-45BC-B5F3-127701693DAC}.Release|x64.Build.0 = Release|x64
		{9532F064-5C52-45BC-B5F3-127701693DAC}.Release|x86.ActiveCfg = Release|Win32
		{9532F064-5C52-45BC-B5F3-127701693DAC}.Release|x86.Build.0 = Release|Win32
	EndGlobalSection
	GlobalSection(SolutionProperties) = preSolution
		HideSolutionNode = FALSE
	EndGlobalSection
EndGlobal
